
Microsoft Visual Studio Solution File, Format Version 12.00
# Visual Studio Version 17
VisualStudioVersion = 17.9.34902.65
MinimumVisualStudioVersion = 10.0.40219.1
Project("{2150E333-8FDC-42A3-9474-1A3956D46DE8}") = "src", "src", "{2FD401D5-7719-4A24-8785-A5399DF11009}"
EndProject
Project("{2150E333-8FDC-42A3-9474-1A3956D46DE8}") = "test", "test", "{15D8F82F-533F-44DF-A163-9860E1D4EEEA}"
EndProject
Project("{2150E333-8FDC-42A3-9474-1A3956D46DE8}") = "Core", "Core", "{9306F946-76CC-4CF7-9C98-90490A27B169}"
EndProject
Project("{2150E333-8FDC-42A3-9474-1A3956D46DE8}") = "Infrastructure", "Infrastructure", "{4E55A017-69AE-4DD7-B12A-EB389FDBDBD5}"
EndProject
Project("{2150E333-8FDC-42A3-9474-1A3956D46DE8}") = "Presentation", "Presentation", "{B36CC57E-D8E2-4D5D-8554-8442F517B232}"
EndProject
Project("{9A19103F-16F7-4668-BE54-9A1E7A4F7556}") = "Spectra.Domain", "Spectra.Domain\Spectra.Domain.csproj", "{D88CAD5F-74B7-414A-9B6C-BEAA8AE28028}"
EndProject
Project("{9A19103F-16F7-4668-BE54-9A1E7A4F7556}") = "Spectra.Domain.Shared", "Spectra.Domain.Shared\Spectra.Domain.Shared.csproj", "{8633554C-79D3-4B8D-9C41-A57ECE168D6C}"
EndProject
Project("{9A19103F-16F7-4668-BE54-9A1E7A4F7556}") = "Spectra.Application", "Spectra.Application\Spectra.Application.csproj", "{44420995-A786-4761-BDAE-91E4E72BD2CF}"
EndProject
Project("{9A19103F-16F7-4668-BE54-9A1E7A4F7556}") = "Spectra.Infrastructure", "Spectra.Infrastructure\Spectra.Infrastructure.csproj", "{754AD6E6-DF5C-4DD4-95ED-830AF6514815}"
EndProject
Project("{9A19103F-16F7-4668-BE54-9A1E7A4F7556}") = "Spectra.WebAPI", "Spectra.WebAPI\Spectra.WebAPI.csproj", "{AEDEFDF4-0940-4F82-92E7-BDD28B8F9D7E}"
EndProject
Project("{9A19103F-16F7-4668-BE54-9A1E7A4F7556}") = "Spectra.Web", "Spectra.Web\Spectra.Web.csproj", "{ACCF7754-EF15-4D59-8A86-872710B4FF1A}"
EndProject
Project("{2150E333-8FDC-42A3-9474-1A3956D46DE8}") = "Solution Items", "Solution Items", "{EC1CB514-9AB9-45C3-A2EB-0EF8AFE89E80}"
	ProjectSection(SolutionItems) = preProject
		.editorconfig = .editorconfig
	EndProjectSection
EndProject
Project("{FAE04EC0-301F-11D3-BF4B-00C04F79EFBC}") = "IdentityServer", "IdentityServer\IdentityServer.csproj", "{DC32E302-0E43-4397-BE95-7CFC2A4FA9AD}"
EndProject
Global
	GlobalSection(SolutionConfigurationPlatforms) = preSolution
		Debug|Any CPU = Debug|Any CPU
		Release|Any CPU = Release|Any CPU
	EndGlobalSection
	GlobalSection(ProjectConfigurationPlatforms) = postSolution
		{D88CAD5F-74B7-414A-9B6C-BEAA8AE28028}.Debug|Any CPU.ActiveCfg = Debug|Any CPU
		{D88CAD5F-74B7-414A-9B6C-BEAA8AE28028}.Debug|Any CPU.Build.0 = Debug|Any CPU
		{D88CAD5F-74B7-414A-9B6C-BEAA8AE28028}.Release|Any CPU.ActiveCfg = Release|Any CPU
		{D88CAD5F-74B7-414A-9B6C-BEAA8AE28028}.Release|Any CPU.Build.0 = Release|Any CPU
		{8633554C-79D3-4B8D-9C41-A57ECE168D6C}.Debug|Any CPU.ActiveCfg = Debug|Any CPU
		{8633554C-79D3-4B8D-9C41-A57ECE168D6C}.Debug|Any CPU.Build.0 = Debug|Any CPU
		{8633554C-79D3-4B8D-9C41-A57ECE168D6C}.Release|Any CPU.ActiveCfg = Release|Any CPU
		{8633554C-79D3-4B8D-9C41-A57ECE168D6C}.Release|Any CPU.Build.0 = Release|Any CPU
		{44420995-A786-4761-BDAE-91E4E72BD2CF}.Debug|Any CPU.ActiveCfg = Debug|Any CPU
		{44420995-A786-4761-BDAE-91E4E72BD2CF}.Debug|Any CPU.Build.0 = Debug|Any CPU
		{44420995-A786-4761-BDAE-91E4E72BD2CF}.Release|Any CPU.ActiveCfg = Release|Any CPU
		{44420995-A786-4761-BDAE-91E4E72BD2CF}.Release|Any CPU.Build.0 = Release|Any CPU
		{754AD6E6-DF5C-4DD4-95ED-830AF6514815}.Debug|Any CPU.ActiveCfg = Debug|Any CPU
		{754AD6E6-DF5C-4DD4-95ED-830AF6514815}.Debug|Any CPU.Build.0 = Debug|Any CPU
		{754AD6E6-DF5C-4DD4-95ED-830AF6514815}.Release|Any CPU.ActiveCfg = Release|Any CPU
		{754AD6E6-DF5C-4DD4-95ED-830AF6514815}.Release|Any CPU.Build.0 = Release|Any CPU
		{AEDEFDF4-0940-4F82-92E7-BDD28B8F9D7E}.Debug|Any CPU.ActiveCfg = Debug|Any CPU
		{AEDEFDF4-0940-4F82-92E7-BDD28B8F9D7E}.Debug|Any CPU.Build.0 = Debug|Any CPU
		{AEDEFDF4-0940-4F82-92E7-BDD28B8F9D7E}.Release|Any CPU.ActiveCfg = Release|Any CPU
		{AEDEFDF4-0940-4F82-92E7-BDD28B8F9D7E}.Release|Any CPU.Build.0 = Release|Any CPU
		{ACCF7754-EF15-4D59-8A86-872710B4FF1A}.Debug|Any CPU.ActiveCfg = Debug|Any CPU
		{ACCF7754-EF15-4D59-8A86-872710B4FF1A}.Debug|Any CPU.Build.0 = Debug|Any CPU
		{ACCF7754-EF15-4D59-8A86-872710B4FF1A}.Release|Any CPU.ActiveCfg = Release|Any CPU
		{ACCF7754-EF15-4D59-8A86-872710B4FF1A}.Release|Any CPU.Build.0 = Release|Any CPU
		{DC32E302-0E43-4397-BE95-7CFC2A4FA9AD}.Debug|Any CPU.ActiveCfg = Debug|Any CPU
		{DC32E302-0E43-4397-BE95-7CFC2A4FA9AD}.Debug|Any CPU.Build.0 = Debug|Any CPU
		{DC32E302-0E43-4397-BE95-7CFC2A4FA9AD}.Release|Any CPU.ActiveCfg = Release|Any CPU
		{DC32E302-0E43-4397-BE95-7CFC2A4FA9AD}.Release|Any CPU.Build.0 = Release|Any CPU
	EndGlobalSection
	GlobalSection(SolutionProperties) = preSolution
		HideSolutionNode = FALSE
	EndGlobalSection
	GlobalSection(NestedProjects) = preSolution
		{9306F946-76CC-4CF7-9C98-90490A27B169} = {2FD401D5-7719-4A24-8785-A5399DF11009}
		{4E55A017-69AE-4DD7-B12A-EB389FDBDBD5} = {2FD401D5-7719-4A24-8785-A5399DF11009}
		{B36CC57E-D8E2-4D5D-8554-8442F517B232} = {2FD401D5-7719-4A24-8785-A5399DF11009}
		{D88CAD5F-74B7-414A-9B6C-BEAA8AE28028} = {9306F946-76CC-4CF7-9C98-90490A27B169}
		{8633554C-79D3-4B8D-9C41-A57ECE168D6C} = {9306F946-76CC-4CF7-9C98-90490A27B169}
		{44420995-A786-4761-BDAE-91E4E72BD2CF} = {9306F946-76CC-4CF7-9C98-90490A27B169}
		{754AD6E6-DF5C-4DD4-95ED-830AF6514815} = {4E55A017-69AE-4DD7-B12A-EB389FDBDBD5}
		{AEDEFDF4-0940-4F82-92E7-BDD28B8F9D7E} = {B36CC57E-D8E2-4D5D-8554-8442F517B232}
		{ACCF7754-EF15-4D59-8A86-872710B4FF1A} = {B36CC57E-D8E2-4D5D-8554-8442F517B232}
	EndGlobalSection
	GlobalSection(ExtensibilityGlobals) = postSolution
		SolutionGuid = {D4BBC99C-4DB5-4EB2-A096-47A2F9451CEE}
	EndGlobalSection
EndGlobal
